
Microsoft Visual Studio Solution File, Format Version 12.00
# Visual Studio Version 16
VisualStudioVersion = 16.0.31112.23
MinimumVisualStudioVersion = 10.0.40219.1
Project("{9A19103F-16F7-4668-BE54-9A1E7A4F7556}") = "CovidTest", "CovidTest\CovidTest.csproj", "{C29A9AA1-1389-43F4-9F88-C7C5649BD588}"
EndProject
Project("{9A19103F-16F7-4668-BE54-9A1E7A4F7556}") = "TestDateDownloader", "TestDateDownloader\TestDateDownloader.csproj", "{1E2275B3-F9BE-4003-8D50-00B90A18EB64}"
EndProject
Project("{9A19103F-16F7-4668-BE54-9A1E7A4F7556}") = "CovidTestObjects", "CovidTestObjects\CovidTestObjects.csproj", "{E9BE80B4-C858-400F-B195-93CB1A03434A}"
EndProject
Project("{9A19103F-16F7-4668-BE54-9A1E7A4F7556}") = "ReCaptchaTest", "ReCaptchaTest\ReCaptchaTest.csproj", "{0BE64719-AB98-49A7-85DF-F533FBD183CA}"
EndProject
Project("{9A19103F-16F7-4668-BE54-9A1E7A4F7556}") = "CovidTestPortal", "CovidTestPortal\CovidTestPortal.csproj", "{31492657-B124-4067-BFDD-17810F308487}"
EndProject
Global
	GlobalSection(SolutionConfigurationPlatforms) = preSolution
		Debug|Any CPU = Debug|Any CPU
		Release|Any CPU = Release|Any CPU
	EndGlobalSection
	GlobalSection(ProjectConfigurationPlatforms) = postSolution
		{C29A9AA1-1389-43F4-9F88-C7C5649BD588}.Debug|Any CPU.ActiveCfg = Debug|Any CPU
		{C29A9AA1-1389-43F4-9F88-C7C5649BD588}.Debug|Any CPU.Build.0 = Debug|Any CPU
		{C29A9AA1-1389-43F4-9F88-C7C5649BD588}.Release|Any CPU.ActiveCfg = Release|Any CPU
		{C29A9AA1-1389-43F4-9F88-C7C5649BD588}.Release|Any CPU.Build.0 = Release|Any CPU
		{1E2275B3-F9BE-4003-8D50-00B90A18EB64}.Debug|Any CPU.ActiveCfg = Debug|Any CPU
		{1E2275B3-F9BE-4003-8D50-00B90A18EB64}.Debug|Any CPU.Build.0 = Debug|Any CPU
		{1E2275B3-F9BE-4003-8D50-00B90A18EB64}.Release|Any CPU.ActiveCfg = Release|Any CPU
		{1E2275B3-F9BE-4003-8D50-00B90A18EB64}.Release|Any CPU.Build.0 = Release|Any CPU
		{E9BE80B4-C858-400F-B195-93CB1A03434A}.Debug|Any CPU.ActiveCfg = Debug|Any CPU
		{E9BE80B4-C858-400F-B195-93CB1A03434A}.Debug|Any CPU.Build.0 = Debug|Any CPU
		{E9BE80B4-C858-400F-B195-93CB1A03434A}.Release|Any CPU.ActiveCfg = Release|Any CPU
		{E9BE80B4-C858-400F-B195-93CB1A03434A}.Release|Any CPU.Build.0 = Release|Any CPU
		{0BE64719-AB98-49A7-85DF-F533FBD183CA}.Debug|Any CPU.ActiveCfg = Debug|Any CPU
		{0BE64719-AB98-49A7-85DF-F533FBD183CA}.Debug|Any CPU.Build.0 = Debug|Any CPU
		{0BE64719-AB98-49A7-85DF-F533FBD183CA}.Release|Any CPU.ActiveCfg = Release|Any CPU
		{0BE64719-AB98-49A7-85DF-F533FBD183CA}.Release|Any CPU.Build.0 = Release|Any CPU
		{31492657-B124-4067-BFDD-17810F308487}.Debug|Any CPU.ActiveCfg = Debug|Any CPU
		{31492657-B124-4067-BFDD-17810F308487}.Debug|Any CPU.Build.0 = Debug|Any CPU
		{31492657-B124-4067-BFDD-17810F308487}.Release|Any CPU.ActiveCfg = Release|Any CPU
		{31492657-B124-4067-BFDD-17810F308487}.Release|Any CPU.Build.0 = Release|Any CPU
	EndGlobalSection
	GlobalSection(SolutionProperties) = preSolution
		HideSolutionNode = FALSE
	EndGlobalSection
	GlobalSection(ExtensibilityGlobals) = postSolution
		SolutionGuid = {7706BD9E-47AD-4493-9DC8-73F8436471BD}
	EndGlobalSection
EndGlobal
